
Microsoft Visual Studio Solution File, Format Version 12.00
# Visual Studio Version 17
VisualStudioVersion = 17.9.34728.123
MinimumVisualStudioVersion = 10.0.40219.1
Project("{2150E333-8FDC-42A3-9474-1A3956D46DE8}") = "Feature", "Feature", "{BEFA132D-C980-478E-9854-BD87776453D9}"
EndProject
Project("{2150E333-8FDC-42A3-9474-1A3956D46DE8}") = "Foundation", "Foundation", "{72A0C3EF-6DD1-4CA6-9B23-AFBAF8784074}"
EndProject
Project("{2150E333-8FDC-42A3-9474-1A3956D46DE8}") = "Project", "Project", "{97B9E679-3D00-41FE-A5AC-21068690F8A1}"
EndProject
Project("{FAE04EC0-301F-11D3-BF4B-00C04F79EFBC}") = "OneWeb.Feature.Promo", "Feature\Feature.Promo\OneWeb.Feature.Promo.csproj", "{7BF6C3BA-C878-4712-9994-CFC45EFB5D26}"
EndProject
Project("{FAE04EC0-301F-11D3-BF4B-00C04F79EFBC}") = "OneWeb.Foundation.DependencyInjection", "Foundation\code\Foundation.OneWeb.DependencyInjection\OneWeb.Foundation.DependencyInjection.csproj", "{581F7B57-A9F9-4257-B410-737427F4468A}"
EndProject
Global
	GlobalSection(SolutionConfigurationPlatforms) = preSolution
		Debug|Any CPU = Debug|Any CPU
		Release|Any CPU = Release|Any CPU
	EndGlobalSection
	GlobalSection(ProjectConfigurationPlatforms) = postSolution
		{7BF6C3BA-C878-4712-9994-CFC45EFB5D26}.Debug|Any CPU.ActiveCfg = Debug|Any CPU
		{7BF6C3BA-C878-4712-9994-CFC45EFB5D26}.Debug|Any CPU.Build.0 = Debug|Any CPU
		{7BF6C3BA-C878-4712-9994-CFC45EFB5D26}.Release|Any CPU.ActiveCfg = Release|Any CPU
		{7BF6C3BA-C878-4712-9994-CFC45EFB5D26}.Release|Any CPU.Build.0 = Release|Any CPU
		{581F7B57-A9F9-4257-B410-737427F4468A}.Debug|Any CPU.ActiveCfg = Debug|Any CPU
		{581F7B57-A9F9-4257-B410-737427F4468A}.Debug|Any CPU.Build.0 = Debug|Any CPU
		{581F7B57-A9F9-4257-B410-737427F4468A}.Release|Any CPU.ActiveCfg = Release|Any CPU
		{581F7B57-A9F9-4257-B410-737427F4468A}.Release|Any CPU.Build.0 = Release|Any CPU
	EndGlobalSection
	GlobalSection(SolutionProperties) = preSolution
		HideSolutionNode = FALSE
	EndGlobalSection
	GlobalSection(NestedProjects) = preSolution
		{7BF6C3BA-C878-4712-9994-CFC45EFB5D26} = {BEFA132D-C980-478E-9854-BD87776453D9}
		{581F7B57-A9F9-4257-B410-737427F4468A} = {72A0C3EF-6DD1-4CA6-9B23-AFBAF8784074}
	EndGlobalSection
	GlobalSection(ExtensibilityGlobals) = postSolution
		SolutionGuid = {4AC43BB4-D229-46DC-A3A9-5DA86A943644}
		EnterpriseLibraryConfigurationToolBinariesPathV6 = packages\EnterpriseLibrary.Common.6.0.1304.0\lib\NET45;packages\EnterpriseLibrary.TransientFaultHandling.6.0.1304.0\lib\portable-net45+win+wp8;packages\EnterpriseLibrary.TransientFaultHandling.Caching.6.0.1304.0\lib\NET45;packages\EnterpriseLibrary.TransientFaultHandling.Data.6.0.1304.1\lib\NET45;packages\EnterpriseLibrary.TransientFaultHandling.ServiceBus.6.0.1304.0\lib\NET45;packages\EnterpriseLibrary.TransientFaultHandling.WindowsAzure.Storage.6.0.1304.0\lib\NET45;packages\EnterpriseLibrary.TransientFaultHandling.Configuration.6.0.1304.0\lib\NET45
	EndGlobalSection
EndGlobal
